
Microsoft Visual Studio Solution File, Format Version 12.00
# Visual Studio Version 16
VisualStudioVersion = 16.0.31613.86
MinimumVisualStudioVersion = 10.0.40219.1
Project("{FAE04EC0-301F-11D3-BF4B-00C04F79EFBC}") = "BreakfastBuffet2", "BreakfastBuffet2\BreakfastBuffet2.csproj", "{58EAF258-CDE5-448F-B1D8-7711D5408A79}"
EndProject
Global
	GlobalSection(SolutionConfigurationPlatforms) = preSolution
		Debug|Any CPU = Debug|Any CPU
		Release|Any CPU = Release|Any CPU
	EndGlobalSection
	GlobalSection(ProjectConfigurationPlatforms) = postSolution
		{58EAF258-CDE5-448F-B1D8-7711D5408A79}.Debug|Any CPU.ActiveCfg = Debug|Any CPU
		{58EAF258-CDE5-448F-B1D8-7711D5408A79}.Debug|Any CPU.Build.0 = Debug|Any CPU
		{58EAF258-CDE5-448F-B1D8-7711D5408A79}.Release|Any CPU.ActiveCfg = Release|Any CPU
		{58EAF258-CDE5-448F-B1D8-7711D5408A79}.Release|Any CPU.Build.0 = Release|Any CPU
	EndGlobalSection
	GlobalSection(SolutionProperties) = preSolution
		HideSolutionNode = FALSE
	EndGlobalSection
	GlobalSection(ExtensibilityGlobals) = postSolution
		SolutionGuid = {0552F4A3-0D5E-45DF-B641-4D669F2CEBDA}
	EndGlobalSection
EndGlobal
