
Microsoft Visual Studio Solution File, Format Version 12.00
# Visual Studio Version 16
VisualStudioVersion = 16.0.31613.86
MinimumVisualStudioVersion = 10.0.40219.1
Project("{9A19103F-16F7-4668-BE54-9A1E7A4F7556}") = "GUI-Assignment2-BreakfastBuffet-Group2", "GUI-Assignment2-BreakfastBuffet-Group2\GUI-Assignment2-BreakfastBuffet-Group2.csproj", "{477EFFB8-1CB3-4E95-8A45-41C4F00C7CBF}"
EndProject
Global
	GlobalSection(SolutionConfigurationPlatforms) = preSolution
		Debug|Any CPU = Debug|Any CPU
		Release|Any CPU = Release|Any CPU
	EndGlobalSection
	GlobalSection(ProjectConfigurationPlatforms) = postSolution
		{477EFFB8-1CB3-4E95-8A45-41C4F00C7CBF}.Debug|Any CPU.ActiveCfg = Debug|Any CPU
		{477EFFB8-1CB3-4E95-8A45-41C4F00C7CBF}.Debug|Any CPU.Build.0 = Debug|Any CPU
		{477EFFB8-1CB3-4E95-8A45-41C4F00C7CBF}.Release|Any CPU.ActiveCfg = Release|Any CPU
		{477EFFB8-1CB3-4E95-8A45-41C4F00C7CBF}.Release|Any CPU.Build.0 = Release|Any CPU
	EndGlobalSection
	GlobalSection(SolutionProperties) = preSolution
		HideSolutionNode = FALSE
	EndGlobalSection
	GlobalSection(ExtensibilityGlobals) = postSolution
		SolutionGuid = {0552F4A3-0D5E-45DF-B641-4D669F2CEBDA}
	EndGlobalSection
EndGlobal
